
Microsoft Visual Studio Solution File, Format Version 12.00
# Visual Studio Version 16
VisualStudioVersion = 16.0.30413.136
MinimumVisualStudioVersion = 10.0.40219.1
Project("{FAE04EC0-301F-11D3-BF4B-00C04F79EFBC}") = "ConsorcioPW3", "ConsorcioPW3\ConsorcioPW3.csproj", "{217CFDF3-01E0-4D35-A864-CD7D375386DD}"
EndProject
Project("{FAE04EC0-301F-11D3-BF4B-00C04F79EFBC}") = "ServiceLayer", "ServiceLayer\ServiceLayer.csproj", "{2DA5CC0B-38B2-4A01-9B20-4DC1F64CC14D}"
EndProject
Global
	GlobalSection(SolutionConfigurationPlatforms) = preSolution
		Debug|Any CPU = Debug|Any CPU
		Release|Any CPU = Release|Any CPU
	EndGlobalSection
	GlobalSection(ProjectConfigurationPlatforms) = postSolution
		{217CFDF3-01E0-4D35-A864-CD7D375386DD}.Debug|Any CPU.ActiveCfg = Debug|Any CPU
		{217CFDF3-01E0-4D35-A864-CD7D375386DD}.Debug|Any CPU.Build.0 = Debug|Any CPU
		{217CFDF3-01E0-4D35-A864-CD7D375386DD}.Release|Any CPU.ActiveCfg = Release|Any CPU
		{217CFDF3-01E0-4D35-A864-CD7D375386DD}.Release|Any CPU.Build.0 = Release|Any CPU
		{2DA5CC0B-38B2-4A01-9B20-4DC1F64CC14D}.Debug|Any CPU.ActiveCfg = Debug|Any CPU
		{2DA5CC0B-38B2-4A01-9B20-4DC1F64CC14D}.Debug|Any CPU.Build.0 = Debug|Any CPU
		{2DA5CC0B-38B2-4A01-9B20-4DC1F64CC14D}.Release|Any CPU.ActiveCfg = Release|Any CPU
		{2DA5CC0B-38B2-4A01-9B20-4DC1F64CC14D}.Release|Any CPU.Build.0 = Release|Any CPU
	EndGlobalSection
	GlobalSection(SolutionProperties) = preSolution
		HideSolutionNode = FALSE
	EndGlobalSection
	GlobalSection(ExtensibilityGlobals) = postSolution
		SolutionGuid = {45547AFE-3FB1-41F7-BDCA-171BC679B240}
	EndGlobalSection
EndGlobal
